
Microsoft Visual Studio Solution File, Format Version 12.00
# Visual Studio Version 17
VisualStudioVersion = 17.2.32630.192
MinimumVisualStudioVersion = 10.0.40219.1
Project("{FAE04EC0-301F-11D3-BF4B-00C04F79EFBC}") = "MVCCRUD", "MVCCRUD\MVCCRUD.csproj", "{ABB4597A-474A-4992-8721-529C5F759703}"
EndProject
Global
	GlobalSection(SolutionConfigurationPlatforms) = preSolution
		Debug|Any CPU = Debug|Any CPU
		Release|Any CPU = Release|Any CPU
	EndGlobalSection
	GlobalSection(ProjectConfigurationPlatforms) = postSolution
		{ABB4597A-474A-4992-8721-529C5F759703}.Debug|Any CPU.ActiveCfg = Debug|Any CPU
		{ABB4597A-474A-4992-8721-529C5F759703}.Debug|Any CPU.Build.0 = Debug|Any CPU
		{ABB4597A-474A-4992-8721-529C5F759703}.Release|Any CPU.ActiveCfg = Release|Any CPU
		{ABB4597A-474A-4992-8721-529C5F759703}.Release|Any CPU.Build.0 = Release|Any CPU
	EndGlobalSection
	GlobalSection(SolutionProperties) = preSolution
		HideSolutionNode = FALSE
	EndGlobalSection
	GlobalSection(ExtensibilityGlobals) = postSolution
		SolutionGuid = {91D43BFF-B614-499B-BD3C-9E624AC67ADE}
	EndGlobalSection
EndGlobal
